
Microsoft Visual Studio Solution File, Format Version 12.00
# Visual Studio Version 17
VisualStudioVersion = 17.0.32112.339
MinimumVisualStudioVersion = 10.0.40219.1
Project("{FAE04EC0-301F-11D3-BF4B-00C04F79EFBC}") = "NLayerApp.Core", "NLayerApp.Core\NLayerApp.Core.csproj", "{C41A1AC7-9B5D-4032-A018-7DD1D392F736}"
EndProject
Project("{FAE04EC0-301F-11D3-BF4B-00C04F79EFBC}") = "NLayerApp.Repository", "NLayerApp.Repository\NLayerApp.Repository.csproj", "{49A15864-D91D-4EA7-A9FC-7C249254267C}"
EndProject
Project("{FAE04EC0-301F-11D3-BF4B-00C04F79EFBC}") = "NLayerApp.Service", "NLayerApp.Service\NLayerApp.Service.csproj", "{50529FFF-9F36-4499-995C-56D28800F596}"
EndProject
Project("{FAE04EC0-301F-11D3-BF4B-00C04F79EFBC}") = "NLayerApp.API", "NLayerApp.API\NLayerApp.API.csproj", "{658DC9FC-6BB8-4EFB-A615-E51B7CEC5A43}"
EndProject
Project("{FAE04EC0-301F-11D3-BF4B-00C04F79EFBC}") = "NLayerApp.Web", "NLayerApp.Web\NLayerApp.Web.csproj", "{FDC3765A-3579-4770-8079-6F85443758D7}"
EndProject
Project("{FAE04EC0-301F-11D3-BF4B-00C04F79EFBC}") = "NLayerApp.Caching", "NLayerApp.Caching\NLayerApp.Caching.csproj", "{861E17A0-0C70-41A3-BF44-56EE595946D1}"
EndProject
Global
	GlobalSection(SolutionConfigurationPlatforms) = preSolution
		Debug|Any CPU = Debug|Any CPU
		Release|Any CPU = Release|Any CPU
	EndGlobalSection
	GlobalSection(ProjectConfigurationPlatforms) = postSolution
		{C41A1AC7-9B5D-4032-A018-7DD1D392F736}.Debug|Any CPU.ActiveCfg = Debug|Any CPU
		{C41A1AC7-9B5D-4032-A018-7DD1D392F736}.Debug|Any CPU.Build.0 = Debug|Any CPU
		{C41A1AC7-9B5D-4032-A018-7DD1D392F736}.Release|Any CPU.ActiveCfg = Release|Any CPU
		{C41A1AC7-9B5D-4032-A018-7DD1D392F736}.Release|Any CPU.Build.0 = Release|Any CPU
		{49A15864-D91D-4EA7-A9FC-7C249254267C}.Debug|Any CPU.ActiveCfg = Debug|Any CPU
		{49A15864-D91D-4EA7-A9FC-7C249254267C}.Debug|Any CPU.Build.0 = Debug|Any CPU
		{49A15864-D91D-4EA7-A9FC-7C249254267C}.Release|Any CPU.ActiveCfg = Release|Any CPU
		{49A15864-D91D-4EA7-A9FC-7C249254267C}.Release|Any CPU.Build.0 = Release|Any CPU
		{50529FFF-9F36-4499-995C-56D28800F596}.Debug|Any CPU.ActiveCfg = Debug|Any CPU
		{50529FFF-9F36-4499-995C-56D28800F596}.Debug|Any CPU.Build.0 = Debug|Any CPU
		{50529FFF-9F36-4499-995C-56D28800F596}.Release|Any CPU.ActiveCfg = Release|Any CPU
		{50529FFF-9F36-4499-995C-56D28800F596}.Release|Any CPU.Build.0 = Release|Any CPU
		{658DC9FC-6BB8-4EFB-A615-E51B7CEC5A43}.Debug|Any CPU.ActiveCfg = Debug|Any CPU
		{658DC9FC-6BB8-4EFB-A615-E51B7CEC5A43}.Debug|Any CPU.Build.0 = Debug|Any CPU
		{658DC9FC-6BB8-4EFB-A615-E51B7CEC5A43}.Release|Any CPU.ActiveCfg = Release|Any CPU
		{658DC9FC-6BB8-4EFB-A615-E51B7CEC5A43}.Release|Any CPU.Build.0 = Release|Any CPU
		{FDC3765A-3579-4770-8079-6F85443758D7}.Debug|Any CPU.ActiveCfg = Debug|Any CPU
		{FDC3765A-3579-4770-8079-6F85443758D7}.Debug|Any CPU.Build.0 = Debug|Any CPU
		{FDC3765A-3579-4770-8079-6F85443758D7}.Release|Any CPU.ActiveCfg = Release|Any CPU
		{FDC3765A-3579-4770-8079-6F85443758D7}.Release|Any CPU.Build.0 = Release|Any CPU
		{861E17A0-0C70-41A3-BF44-56EE595946D1}.Debug|Any CPU.ActiveCfg = Debug|Any CPU
		{861E17A0-0C70-41A3-BF44-56EE595946D1}.Debug|Any CPU.Build.0 = Debug|Any CPU
		{861E17A0-0C70-41A3-BF44-56EE595946D1}.Release|Any CPU.ActiveCfg = Release|Any CPU
		{861E17A0-0C70-41A3-BF44-56EE595946D1}.Release|Any CPU.Build.0 = Release|Any CPU
	EndGlobalSection
	GlobalSection(SolutionProperties) = preSolution
		HideSolutionNode = FALSE
	EndGlobalSection
	GlobalSection(ExtensibilityGlobals) = postSolution
		SolutionGuid = {437142B1-B1D8-4988-8C86-5201A1520998}
	EndGlobalSection
EndGlobal
